{
  "name": "Mega Mayhem 2.0",
  "lockfileVersion": 2,
  "requires": true,
  "packages": {
    "": {
      "dependencies": {
        "loadavg-windows": "^1.1.1",
        "midi-note": "^1.0.0"
      }
    },
    "node_modules/loadavg-windows": {
      "version": "1.1.1",
      "resolved": "https://registry.npmjs.org/loadavg-windows/-/loadavg-windows-1.1.1.tgz",
      "integrity": "sha512-ncSyH121LuN6OENPSohTAS2W85J3NYVIfjsVcK4spViQbHlQUXhGKd8VYhrqWyjtwwSTw4g3rrDraNoSJWRLgw==",
      "dependencies": {
        "weak-daemon": "1.0.3"
      }
    },
    "node_modules/midi-note": {
      "version": "1.0.0",
      "resolved": "https://registry.npmjs.org/midi-note/-/midi-note-1.0.0.tgz",
      "integrity": "sha1-++hy3bca2jsGuz5vTYMATdSHvb0="
    },
    "node_modules/weak-daemon": {
      "version": "1.0.3",
      "resolved": "https://registry.npmjs.org/weak-daemon/-/weak-daemon-1.0.3.tgz",
      "integrity": "sha512-9OLYp5qQSxpnTIyuA1zJ7at3DV2DSBcbdXduC/3QFPeYjF30Lh1nfBrG+VLf4QUvZPz2lXFPu08oIRzWQfucVQ==",
      "engines": {
        "node": ">=4.8.7"
      }
    }
  },
  "dependencies": {
    "loadavg-windows": {
      "version": "1.1.1",
      "resolved": "https://registry.npmjs.org/loadavg-windows/-/loadavg-windows-1.1.1.tgz",
      "integrity": "sha512-ncSyH121LuN6OENPSohTAS2W85J3NYVIfjsVcK4spViQbHlQUXhGKd8VYhrqWyjtwwSTw4g3rrDraNoSJWRLgw==",
      "requires": {
        "weak-daemon": "1.0.3"
      }
    },
    "midi-note": {
      "version": "1.0.0",
      "resolved": "https://registry.npmjs.org/midi-note/-/midi-note-1.0.0.tgz",
      "integrity": "sha1-++hy3bca2jsGuz5vTYMATdSHvb0="
    },
    "weak-daemon": {
      "version": "1.0.3",
      "resolved": "https://registry.npmjs.org/weak-daemon/-/weak-daemon-1.0.3.tgz",
      "integrity": "sha512-9OLYp5qQSxpnTIyuA1zJ7at3DV2DSBcbdXduC/3QFPeYjF30Lh1nfBrG+VLf4QUvZPz2lXFPu08oIRzWQfucVQ=="
    }
  }
}
